
Microsoft Visual Studio Solution File, Format Version 12.00
# Visual Studio 14
VisualStudioVersion = 14.0.25420.1
MinimumVisualStudioVersion = 10.0.40219.1
Project("{FAE04EC0-301F-11D3-BF4B-00C04F79EFBC}") = "BetConsole", "BetConsole\BetConsole.csproj", "{C4437989-4FB3-419A-BDD1-329CC4AD6C86}"
EndProject
Project("{FAE04EC0-301F-11D3-BF4B-00C04F79EFBC}") = "BetWebService", "BetWebService\BetWebService.csproj", "{B039D93E-410E-4D32-99E6-BCFDDC235E81}"
EndProject
Project("{FAE04EC0-301F-11D3-BF4B-00C04F79EFBC}") = "BetWeb", "BetWeb\BetWeb.csproj", "{52DF6D78-3E0E-434F-8A30-CB397B01DD1F}"
	ProjectSection(ProjectDependencies) = postProject
		{B039D93E-410E-4D32-99E6-BCFDDC235E81} = {B039D93E-410E-4D32-99E6-BCFDDC235E81}
	EndProjectSection
EndProject
Global
	GlobalSection(SolutionConfigurationPlatforms) = preSolution
		Debug|Any CPU = Debug|Any CPU
		Release|Any CPU = Release|Any CPU
	EndGlobalSection
	GlobalSection(ProjectConfigurationPlatforms) = postSolution
		{C4437989-4FB3-419A-BDD1-329CC4AD6C86}.Debug|Any CPU.ActiveCfg = Debug|Any CPU
		{C4437989-4FB3-419A-BDD1-329CC4AD6C86}.Debug|Any CPU.Build.0 = Debug|Any CPU
		{C4437989-4FB3-419A-BDD1-329CC4AD6C86}.Release|Any CPU.ActiveCfg = Release|Any CPU
		{C4437989-4FB3-419A-BDD1-329CC4AD6C86}.Release|Any CPU.Build.0 = Release|Any CPU
		{B039D93E-410E-4D32-99E6-BCFDDC235E81}.Debug|Any CPU.ActiveCfg = Debug|Any CPU
		{B039D93E-410E-4D32-99E6-BCFDDC235E81}.Debug|Any CPU.Build.0 = Debug|Any CPU
		{B039D93E-410E-4D32-99E6-BCFDDC235E81}.Release|Any CPU.ActiveCfg = Release|Any CPU
		{B039D93E-410E-4D32-99E6-BCFDDC235E81}.Release|Any CPU.Build.0 = Release|Any CPU
		{52DF6D78-3E0E-434F-8A30-CB397B01DD1F}.Debug|Any CPU.ActiveCfg = Debug|Any CPU
		{52DF6D78-3E0E-434F-8A30-CB397B01DD1F}.Debug|Any CPU.Build.0 = Debug|Any CPU
		{52DF6D78-3E0E-434F-8A30-CB397B01DD1F}.Release|Any CPU.ActiveCfg = Release|Any CPU
		{52DF6D78-3E0E-434F-8A30-CB397B01DD1F}.Release|Any CPU.Build.0 = Release|Any CPU
	EndGlobalSection
	GlobalSection(SolutionProperties) = preSolution
		HideSolutionNode = FALSE
	EndGlobalSection
EndGlobal
